{
  "version": 4,
  "terraform_version": "0.12.24",
  "serial": 181,
  "lineage": "2cd5221f-9fe0-0109-cfbe-5fe57c0a084e",
  "outputs": {},
  "resources": [
    {
      "mode": "managed",
      "type": "aws_autoscaling_group",
      "name": "asg",
      "provider": "provider.aws",
      "instances": [
        {
          "schema_version": 0,
          "attributes": {
            "arn": "arn:aws:autoscaling:us-east-1:770434371723:autoScalingGroup:19b56a45-5195-41c2-a97c-c92230e37387:autoScalingGroupName/autoscaling_group",
            "availability_zones": [
              "us-east-1a",
              "us-east-1b"
            ],
            "default_cooldown": 300,
            "desired_capacity": 2,
            "enabled_metrics": [
              "GroupDesiredCapacity",
              "GroupInServiceInstances",
              "GroupMaxSize",
              "GroupMinSize",
              "GroupPendingInstances",
              "GroupStandbyInstances",
              "GroupTerminatingInstances",
              "GroupTotalInstances"
            ],
            "force_delete": true,
            "health_check_grace_period": 300,
            "health_check_type": "EC2",
            "id": "autoscaling_group",
            "initial_lifecycle_hook": [],
            "launch_configuration": "launch_configuration",
            "launch_template": [],
            "load_balancers": [],
            "max_instance_lifetime": 0,
            "max_size": 2,
            "metrics_granularity": "1Minute",
            "min_elb_capacity": null,
            "min_size": 1,
            "mixed_instances_policy": [],
            "name": "autoscaling_group",
            "name_prefix": null,
            "placement_group": "",
            "protect_from_scale_in": false,
            "service_linked_role_arn": "arn:aws:iam::770434371723:role/aws-service-role/autoscaling.amazonaws.com/AWSServiceRoleForAutoScaling",
            "suspended_processes": [],
            "tag": [],
            "tags": null,
            "target_group_arns": [
              "arn:aws:elasticloadbalancing:us-east-1:770434371723:targetgroup/production-alb-target-group/98f2b7da6c4d922c"
            ],
            "termination_policies": [],
            "timeouts": null,
            "vpc_zone_identifier": [
              "subnet-09c5daec898b1b825",
              "subnet-0abfecdbd9e7455ad"
            ],
            "wait_for_capacity_timeout": "10m",
            "wait_for_elb_capacity": null
          },
          "private": "eyJlMmJmYjczMC1lY2FhLTExZTYtOGY4OC0zNDM2M2JjN2M0YzAiOnsiZGVsZXRlIjo2MDAwMDAwMDAwMDB9fQ==",
          "dependencies": [
            "aws_launch_configuration.lc",
            "aws_lb_target_group.tg",
            "aws_subnet.public1",
            "aws_subnet.public2"
          ]
        }
      ]
    },
    {
      "mode": "managed",
      "type": "aws_autoscaling_group",
      "name": "asg2",
      "provider": "provider.aws",
      "instances": [
        {
          "schema_version": 0,
          "attributes": {
            "arn": "arn:aws:autoscaling:us-east-1:770434371723:autoScalingGroup:f5260976-6b3e-467c-9264-7344b5e7ed02:autoScalingGroupName/autoscaling_group2",
            "availability_zones": [
              "us-east-1a",
              "us-east-1b"
            ],
            "default_cooldown": 300,
            "desired_capacity": 2,
            "enabled_metrics": [
              "GroupDesiredCapacity",
              "GroupInServiceInstances",
              "GroupMaxSize",
              "GroupMinSize",
              "GroupPendingInstances",
              "GroupStandbyInstances",
              "GroupTerminatingInstances",
              "GroupTotalInstances"
            ],
            "force_delete": true,
            "health_check_grace_period": 300,
            "health_check_type": "EC2",
            "id": "autoscaling_group2",
            "initial_lifecycle_hook": [],
            "launch_configuration": "launch_configuration",
            "launch_template": [],
            "load_balancers": [],
            "max_instance_lifetime": 0,
            "max_size": 2,
            "metrics_granularity": "1Minute",
            "min_elb_capacity": null,
            "min_size": 1,
            "mixed_instances_policy": [],
            "name": "autoscaling_group2",
            "name_prefix": null,
            "placement_group": "",
            "protect_from_scale_in": false,
            "service_linked_role_arn": "arn:aws:iam::770434371723:role/aws-service-role/autoscaling.amazonaws.com/AWSServiceRoleForAutoScaling",
            "suspended_processes": [],
            "tag": [],
            "tags": null,
            "target_group_arns": [
              "arn:aws:elasticloadbalancing:us-east-1:770434371723:targetgroup/production-alb-target-group2/110ade8be89fecec"
            ],
            "termination_policies": [],
            "timeouts": null,
            "vpc_zone_identifier": [
              "subnet-09c5daec898b1b825",
              "subnet-0abfecdbd9e7455ad"
            ],
            "wait_for_capacity_timeout": "10m",
            "wait_for_elb_capacity": null
          },
          "private": "eyJlMmJmYjczMC1lY2FhLTExZTYtOGY4OC0zNDM2M2JjN2M0YzAiOnsiZGVsZXRlIjo2MDAwMDAwMDAwMDB9fQ==",
          "dependencies": [
            "aws_launch_configuration.lc",
            "aws_lb_target_group.tg2",
            "aws_subnet.public1",
            "aws_subnet.public2"
          ]
        }
      ]
    },
    {
      "mode": "managed",
      "type": "aws_autoscaling_group",
      "name": "asg3",
      "provider": "provider.aws",
      "instances": [
        {
          "schema_version": 0,
          "attributes": {
            "arn": "arn:aws:autoscaling:us-east-1:770434371723:autoScalingGroup:2045f8d0-904f-4274-9e01-879084b2cc71:autoScalingGroupName/autoscaling_group3",
            "availability_zones": [
              "us-east-1a",
              "us-east-1b"
            ],
            "default_cooldown": 300,
            "desired_capacity": 2,
            "enabled_metrics": [
              "GroupDesiredCapacity",
              "GroupInServiceInstances",
              "GroupMaxSize",
              "GroupMinSize",
              "GroupPendingInstances",
              "GroupStandbyInstances",
              "GroupTerminatingInstances",
              "GroupTotalInstances"
            ],
            "force_delete": true,
            "health_check_grace_period": 300,
            "health_check_type": "EC2",
            "id": "autoscaling_group3",
            "initial_lifecycle_hook": [],
            "launch_configuration": "launch_configuration",
            "launch_template": [],
            "load_balancers": [],
            "max_instance_lifetime": 0,
            "max_size": 2,
            "metrics_granularity": "1Minute",
            "min_elb_capacity": null,
            "min_size": 1,
            "mixed_instances_policy": [],
            "name": "autoscaling_group3",
            "name_prefix": null,
            "placement_group": "",
            "protect_from_scale_in": false,
            "service_linked_role_arn": "arn:aws:iam::770434371723:role/aws-service-role/autoscaling.amazonaws.com/AWSServiceRoleForAutoScaling",
            "suspended_processes": [],
            "tag": [],
            "tags": null,
            "target_group_arns": [
              "arn:aws:elasticloadbalancing:us-east-1:770434371723:targetgroup/production-alb-target-group3/7cdcf2e19ed2de8a"
            ],
            "termination_policies": [],
            "timeouts": null,
            "vpc_zone_identifier": [
              "subnet-09c5daec898b1b825",
              "subnet-0abfecdbd9e7455ad"
            ],
            "wait_for_capacity_timeout": "10m",
            "wait_for_elb_capacity": null
          },
          "private": "eyJlMmJmYjczMC1lY2FhLTExZTYtOGY4OC0zNDM2M2JjN2M0YzAiOnsiZGVsZXRlIjo2MDAwMDAwMDAwMDB9fQ==",
          "dependencies": [
            "aws_launch_configuration.lc",
            "aws_lb_target_group.tg3",
            "aws_subnet.public1",
            "aws_subnet.public2"
          ]
        }
      ]
    },
    {
      "mode": "managed",
      "type": "aws_autoscaling_policy",
      "name": "aps",
      "provider": "provider.aws",
      "instances": [
        {
          "schema_version": 0,
          "attributes": {
            "adjustment_type": "ChangeInCapacity",
            "arn": "arn:aws:autoscaling:us-east-1:770434371723:scalingPolicy:c38765bc-e89a-42e2-a0f2-0ccc04570cb8:autoScalingGroupName/autoscaling_group:policyName/production-auto-scaling-policy",
            "autoscaling_group_name": "autoscaling_group",
            "cooldown": 300,
            "estimated_instance_warmup": 0,
            "id": "production-auto-scaling-policy",
            "metric_aggregation_type": "",
            "min_adjustment_magnitude": null,
            "min_adjustment_step": null,
            "name": "production-auto-scaling-policy",
            "policy_type": "SimpleScaling",
            "scaling_adjustment": 1,
            "step_adjustment": [],
            "target_tracking_configuration": []
          },
          "private": "bnVsbA==",
          "dependencies": [
            "aws_autoscaling_group.asg",
            "aws_launch_configuration.lc",
            "aws_lb_target_group.tg",
            "aws_subnet.public1",
            "aws_subnet.public2"
          ]
        }
      ]
    },
    {
      "mode": "managed",
      "type": "aws_autoscaling_policy",
      "name": "aps2",
      "provider": "provider.aws",
      "instances": [
        {
          "schema_version": 0,
          "attributes": {
            "adjustment_type": "ChangeInCapacity",
            "arn": "arn:aws:autoscaling:us-east-1:770434371723:scalingPolicy:d798e92a-f193-49b3-8418-0806e5cd006d:autoScalingGroupName/autoscaling_group2:policyName/production-auto-scaling-policy",
            "autoscaling_group_name": "autoscaling_group2",
            "cooldown": 300,
            "estimated_instance_warmup": 0,
            "id": "production-auto-scaling-policy",
            "metric_aggregation_type": "",
            "min_adjustment_magnitude": null,
            "min_adjustment_step": null,
            "name": "production-auto-scaling-policy",
            "policy_type": "SimpleScaling",
            "scaling_adjustment": 1,
            "step_adjustment": [],
            "target_tracking_configuration": []
          },
          "private": "bnVsbA==",
          "dependencies": [
            "aws_autoscaling_group.asg2",
            "aws_launch_configuration.lc",
            "aws_lb_target_group.tg2",
            "aws_subnet.public1",
            "aws_subnet.public2"
          ]
        }
      ]
    },
    {
      "mode": "managed",
      "type": "aws_autoscaling_policy",
      "name": "aps3",
      "provider": "provider.aws",
      "instances": [
        {
          "schema_version": 0,
          "attributes": {
            "adjustment_type": "ChangeInCapacity",
            "arn": "arn:aws:autoscaling:us-east-1:770434371723:scalingPolicy:59e154af-b630-4121-b343-a9afb28746dd:autoScalingGroupName/autoscaling_group3:policyName/production-auto-scaling-policy",
            "autoscaling_group_name": "autoscaling_group3",
            "cooldown": 300,
            "estimated_instance_warmup": 0,
            "id": "production-auto-scaling-policy",
            "metric_aggregation_type": "",
            "min_adjustment_magnitude": null,
            "min_adjustment_step": null,
            "name": "production-auto-scaling-policy",
            "policy_type": "SimpleScaling",
            "scaling_adjustment": 1,
            "step_adjustment": [],
            "target_tracking_configuration": []
          },
          "private": "bnVsbA==",
          "dependencies": [
            "aws_autoscaling_group.asg3",
            "aws_launch_configuration.lc",
            "aws_lb_target_group.tg3",
            "aws_subnet.public1",
            "aws_subnet.public2"
          ]
        }
      ]
    },
    {
      "mode": "managed",
      "type": "aws_cloudwatch_metric_alarm",
      "name": "aps",
      "provider": "provider.aws",
      "instances": [
        {
          "schema_version": 1,
          "attributes": {
            "actions_enabled": true,
            "alarm_actions": [
              "arn:aws:autoscaling:us-east-1:770434371723:scalingPolicy:c38765bc-e89a-42e2-a0f2-0ccc04570cb8:autoScalingGroupName/autoscaling_group:policyName/production-auto-scaling-policy"
            ],
            "alarm_description": "This metric monitors ec2 cpu utilization",
            "alarm_name": "production-cloudwatch-micro-alarm",
            "arn": "arn:aws:cloudwatch:us-east-1:770434371723:alarm:production-cloudwatch-micro-alarm",
            "comparison_operator": "GreaterThanOrEqualToThreshold",
            "datapoints_to_alarm": 0,
            "dimensions": {
              "AutoScalingGroupName": "autoscaling_group"
            },
            "evaluate_low_sample_count_percentiles": "",
            "evaluation_periods": 2,
            "extended_statistic": "",
            "id": "production-cloudwatch-micro-alarm",
            "insufficient_data_actions": [],
            "metric_name": "CPUUtilization",
            "metric_query": [],
            "namespace": "AWS/EC2",
            "ok_actions": [],
            "period": 120,
            "statistic": "Average",
            "tags": {},
            "threshold": 85,
            "threshold_metric_id": "",
            "treat_missing_data": "missing",
            "unit": ""
          },
          "private": "eyJzY2hlbWFfdmVyc2lvbiI6IjEifQ==",
          "dependencies": [
            "aws_autoscaling_group.asg",
            "aws_autoscaling_policy.aps",
            "aws_launch_configuration.lc",
            "aws_lb_target_group.tg",
            "aws_subnet.public1",
            "aws_subnet.public2"
          ]
        }
      ]
    },
    {
      "mode": "managed",
      "type": "aws_cloudwatch_metric_alarm",
      "name": "aps2",
      "provider": "provider.aws",
      "instances": [
        {
          "schema_version": 1,
          "attributes": {
            "actions_enabled": true,
            "alarm_actions": [
              "arn:aws:autoscaling:us-east-1:770434371723:scalingPolicy:c38765bc-e89a-42e2-a0f2-0ccc04570cb8:autoScalingGroupName/autoscaling_group:policyName/production-auto-scaling-policy"
            ],
            "alarm_description": "This metric monitors ec2 cpu utilization",
            "alarm_name": "production-cloudwatch-micro-alarm2",
            "arn": "arn:aws:cloudwatch:us-east-1:770434371723:alarm:production-cloudwatch-micro-alarm2",
            "comparison_operator": "GreaterThanOrEqualToThreshold",
            "datapoints_to_alarm": 0,
            "dimensions": {
              "AutoScalingGroupName": "autoscaling_group2"
            },
            "evaluate_low_sample_count_percentiles": "",
            "evaluation_periods": 2,
            "extended_statistic": "",
            "id": "production-cloudwatch-micro-alarm2",
            "insufficient_data_actions": [],
            "metric_name": "CPUUtilization",
            "metric_query": [],
            "namespace": "AWS/EC2",
            "ok_actions": [],
            "period": 120,
            "statistic": "Average",
            "tags": {},
            "threshold": 85,
            "threshold_metric_id": "",
            "treat_missing_data": "missing",
            "unit": ""
          },
          "private": "eyJzY2hlbWFfdmVyc2lvbiI6IjEifQ==",
          "dependencies": [
            "aws_autoscaling_group.asg",
            "aws_autoscaling_group.asg2",
            "aws_autoscaling_policy.aps",
            "aws_launch_configuration.lc",
            "aws_lb_target_group.tg",
            "aws_lb_target_group.tg2",
            "aws_subnet.public1",
            "aws_subnet.public2"
          ]
        }
      ]
    },
    {
      "mode": "managed",
      "type": "aws_cloudwatch_metric_alarm",
      "name": "aps3",
      "provider": "provider.aws",
      "instances": [
        {
          "schema_version": 1,
          "attributes": {
            "actions_enabled": true,
            "alarm_actions": [
              "arn:aws:autoscaling:us-east-1:770434371723:scalingPolicy:c38765bc-e89a-42e2-a0f2-0ccc04570cb8:autoScalingGroupName/autoscaling_group:policyName/production-auto-scaling-policy"
            ],
            "alarm_description": "This metric monitors ec2 cpu utilization",
            "alarm_name": "production-cloudwatch-micro-alarm3",
            "arn": "arn:aws:cloudwatch:us-east-1:770434371723:alarm:production-cloudwatch-micro-alarm3",
            "comparison_operator": "GreaterThanOrEqualToThreshold",
            "datapoints_to_alarm": 0,
            "dimensions": {
              "AutoScalingGroupName": "autoscaling_group3"
            },
            "evaluate_low_sample_count_percentiles": "",
            "evaluation_periods": 2,
            "extended_statistic": "",
            "id": "production-cloudwatch-micro-alarm3",
            "insufficient_data_actions": [],
            "metric_name": "CPUUtilization",
            "metric_query": [],
            "namespace": "AWS/EC2",
            "ok_actions": [],
            "period": 120,
            "statistic": "Average",
            "tags": {},
            "threshold": 85,
            "threshold_metric_id": "",
            "treat_missing_data": "missing",
            "unit": ""
          },
          "private": "eyJzY2hlbWFfdmVyc2lvbiI6IjEifQ==",
          "dependencies": [
            "aws_autoscaling_group.asg",
            "aws_autoscaling_group.asg3",
            "aws_autoscaling_policy.aps",
            "aws_launch_configuration.lc",
            "aws_lb_target_group.tg",
            "aws_lb_target_group.tg3",
            "aws_subnet.public1",
            "aws_subnet.public2"
          ]
        }
      ]
    },
    {
      "mode": "managed",
      "type": "aws_eip",
      "name": "nat_eip",
      "each": "list",
      "provider": "provider.aws",
      "instances": [
        {
          "index_key": 0,
          "schema_version": 0,
          "attributes": {
            "allocation_id": null,
            "associate_with_private_ip": null,
            "association_id": "eipassoc-02df9752d9276f708",
            "domain": "vpc",
            "id": "eipalloc-0c3e0897c9626bbb7",
            "instance": "",
            "network_interface": "eni-0022b3c5a7dace5f6",
            "private_dns": "ip-10-0-10-111.ec2.internal",
            "private_ip": "10.0.10.111",
            "public_dns": "ec2-3-226-109-188.compute-1.amazonaws.com",
            "public_ip": "3.226.109.188",
            "public_ipv4_pool": "amazon",
            "tags": {
              "name": "production public IP address"
            },
            "timeouts": null,
            "vpc": true
          },
          "private": "eyJlMmJmYjczMC1lY2FhLTExZTYtOGY4OC0zNDM2M2JjN2M0YzAiOnsiZGVsZXRlIjoxODAwMDAwMDAwMDAsInJlYWQiOjkwMDAwMDAwMDAwMCwidXBkYXRlIjozMDAwMDAwMDAwMDB9fQ=="
        }
      ]
    },
    {
      "mode": "managed",
      "type": "aws_internet_gateway",
      "name": "gw",
      "provider": "provider.aws",
      "instances": [
        {
          "schema_version": 0,
          "attributes": {
            "id": "igw-089707af24d74e521",
            "owner_id": "770434371723",
            "tags": {
              "Name": "internet_gateway"
            },
            "vpc_id": "vpc-065eda85b5f2edd0a"
          },
          "private": "bnVsbA==",
          "dependencies": [
            "aws_vpc.daryls-vpc"
          ]
        }
      ]
    },
    {
      "mode": "managed",
      "type": "aws_launch_configuration",
      "name": "lc",
      "provider": "provider.aws",
      "instances": [
        {
          "schema_version": 0,
          "attributes": {
            "arn": "arn:aws:autoscaling:us-east-1:770434371723:launchConfiguration:36a35a6e-dee3-49ac-9ce6-7e6518c442b3:launchConfigurationName/launch_configuration",
            "associate_public_ip_address": false,
            "ebs_block_device": [],
            "ebs_optimized": false,
            "enable_monitoring": true,
            "ephemeral_block_device": [],
            "iam_instance_profile": "",
            "id": "launch_configuration",
            "image_id": "ami-0e2ff28bfb72a4e45",
            "instance_type": "t2.micro",
            "key_name": "and.digital.key",
            "name": "launch_configuration",
            "name_prefix": null,
            "placement_tenancy": null,
            "root_block_device": [],
            "security_groups": [],
            "spot_price": "",
            "user_data": null,
            "user_data_base64": null,
            "vpc_classic_link_id": "",
            "vpc_classic_link_security_groups": []
          },
          "private": "bnVsbA==",
          "dependencies": [
            "aws_security_group.ssh",
            "aws_vpc.daryls-vpc"
          ]
        }
      ]
    },
    {
      "mode": "managed",
      "type": "aws_lb",
      "name": "load_balancer",
      "provider": "provider.aws",
      "instances": [
        {
          "schema_version": 0,
          "attributes": {
            "access_logs": [
              {
                "bucket": "",
                "enabled": false,
                "prefix": ""
              }
            ],
            "arn": "arn:aws:elasticloadbalancing:us-east-1:770434371723:loadbalancer/app/production-daryls-lb/d2b6d2414712c4c5",
            "arn_suffix": "app/production-daryls-lb/d2b6d2414712c4c5",
            "dns_name": "production-daryls-lb-979567177.us-east-1.elb.amazonaws.com",
            "drop_invalid_header_fields": false,
            "enable_cross_zone_load_balancing": null,
            "enable_deletion_protection": false,
            "enable_http2": true,
            "id": "arn:aws:elasticloadbalancing:us-east-1:770434371723:loadbalancer/app/production-daryls-lb/d2b6d2414712c4c5",
            "idle_timeout": 120,
            "internal": false,
            "ip_address_type": "ipv4",
            "load_balancer_type": "application",
            "name": "production-daryls-lb",
            "name_prefix": null,
            "security_groups": [
              "sg-03c8448647645a74f"
            ],
            "subnet_mapping": [
              {
                "allocation_id": "",
                "subnet_id": "subnet-09c5daec898b1b825"
              },
              {
                "allocation_id": "",
                "subnet_id": "subnet-0abfecdbd9e7455ad"
              }
            ],
            "subnets": [
              "subnet-09c5daec898b1b825",
              "subnet-0abfecdbd9e7455ad"
            ],
            "tags": {
              "Environment": "production"
            },
            "timeouts": null,
            "vpc_id": "vpc-065eda85b5f2edd0a",
            "zone_id": "Z35SXDOTRQ7X7K"
          },
          "private": "eyJlMmJmYjczMC1lY2FhLTExZTYtOGY4OC0zNDM2M2JjN2M0YzAiOnsiY3JlYXRlIjo2MDAwMDAwMDAwMDAsImRlbGV0ZSI6NjAwMDAwMDAwMDAwLCJ1cGRhdGUiOjYwMDAwMDAwMDAwMH19",
          "dependencies": [
            "aws_security_group.elb",
            "aws_subnet.public1",
            "aws_subnet.public2"
          ]
        }
      ]
    },
    {
      "mode": "managed",
      "type": "aws_lb_listener",
      "name": "alb_listener",
      "provider": "provider.aws",
      "instances": [
        {
          "schema_version": 0,
          "attributes": {
            "arn": "arn:aws:elasticloadbalancing:us-east-1:770434371723:listener/app/production-daryls-lb/d2b6d2414712c4c5/62be93d4627202e0",
            "certificate_arn": null,
            "default_action": [
              {
                "authenticate_cognito": [],
                "authenticate_oidc": [],
                "fixed_response": [],
                "order": 1,
                "redirect": [],
                "target_group_arn": "arn:aws:elasticloadbalancing:us-east-1:770434371723:targetgroup/production-alb-target-group/98f2b7da6c4d922c",
                "type": "forward"
              }
            ],
            "id": "arn:aws:elasticloadbalancing:us-east-1:770434371723:listener/app/production-daryls-lb/d2b6d2414712c4c5/62be93d4627202e0",
            "load_balancer_arn": "arn:aws:elasticloadbalancing:us-east-1:770434371723:loadbalancer/app/production-daryls-lb/d2b6d2414712c4c5",
            "port": 80,
            "protocol": "HTTP",
            "ssl_policy": "",
            "timeouts": null
          },
          "private": "eyJlMmJmYjczMC1lY2FhLTExZTYtOGY4OC0zNDM2M2JjN2M0YzAiOnsicmVhZCI6NjAwMDAwMDAwMDAwfX0=",
          "dependencies": [
            "aws_lb.load_balancer",
            "aws_lb_target_group.tg",
            "aws_vpc.daryls-vpc"
          ]
        }
      ]
    },
    {
      "mode": "managed",
      "type": "aws_lb_listener_rule",
      "name": "static",
      "provider": "provider.aws",
      "instances": [
        {
          "schema_version": 0,
          "attributes": {
            "action": [
              {
                "authenticate_cognito": [],
                "authenticate_oidc": [],
                "fixed_response": [],
                "order": 1,
                "redirect": [],
                "target_group_arn": "arn:aws:elasticloadbalancing:us-east-1:770434371723:targetgroup/production-alb-target-group/98f2b7da6c4d922c",
                "type": "forward"
              }
            ],
            "arn": "arn:aws:elasticloadbalancing:us-east-1:770434371723:listener-rule/app/production-daryls-lb/d2b6d2414712c4c5/62be93d4627202e0/59042649f5b0a5fc",
            "condition": [
              {
                "field": "path-pattern",
                "host_header": [],
                "http_header": [],
                "http_request_method": [],
                "path_pattern": [
                  {
                    "values": [
                      "/"
                    ]
                  }
                ],
                "query_string": [],
                "source_ip": [],
                "values": [
                  "/"
                ]
              }
            ],
            "id": "arn:aws:elasticloadbalancing:us-east-1:770434371723:listener-rule/app/production-daryls-lb/d2b6d2414712c4c5/62be93d4627202e0/59042649f5b0a5fc",
            "listener_arn": "arn:aws:elasticloadbalancing:us-east-1:770434371723:listener/app/production-daryls-lb/d2b6d2414712c4c5/62be93d4627202e0",
            "priority": 1
          },
          "private": "bnVsbA==",
          "dependencies": [
            "aws_lb.load_balancer",
            "aws_lb_listener.alb_listener",
            "aws_lb_target_group.tg",
            "aws_vpc.daryls-vpc"
          ]
        }
      ]
    },
    {
      "mode": "managed",
      "type": "aws_lb_listener_rule",
      "name": "static2",
      "provider": "provider.aws",
      "instances": [
        {
          "schema_version": 0,
          "attributes": {
            "action": [
              {
                "authenticate_cognito": [],
                "authenticate_oidc": [],
                "fixed_response": [],
                "order": 1,
                "redirect": [],
                "target_group_arn": "arn:aws:elasticloadbalancing:us-east-1:770434371723:targetgroup/production-alb-target-group2/110ade8be89fecec",
                "type": "forward"
              }
            ],
            "arn": "arn:aws:elasticloadbalancing:us-east-1:770434371723:listener-rule/app/production-daryls-lb/d2b6d2414712c4c5/62be93d4627202e0/3b6ce7d4e76f0d28",
            "condition": [
              {
                "field": "path-pattern",
                "host_header": [],
                "http_header": [],
                "http_request_method": [],
                "path_pattern": [
                  {
                    "values": [
                      "/"
                    ]
                  }
                ],
                "query_string": [],
                "source_ip": [],
                "values": [
                  "/"
                ]
              }
            ],
            "id": "arn:aws:elasticloadbalancing:us-east-1:770434371723:listener-rule/app/production-daryls-lb/d2b6d2414712c4c5/62be93d4627202e0/3b6ce7d4e76f0d28",
            "listener_arn": "arn:aws:elasticloadbalancing:us-east-1:770434371723:listener/app/production-daryls-lb/d2b6d2414712c4c5/62be93d4627202e0",
            "priority": 2
          },
          "private": "bnVsbA==",
          "dependencies": [
            "aws_lb.load_balancer",
            "aws_lb_listener.alb_listener",
            "aws_lb_target_group.tg",
            "aws_lb_target_group.tg2",
            "aws_vpc.daryls-vpc"
          ]
        }
      ]
    },
    {
      "mode": "managed",
      "type": "aws_lb_listener_rule",
      "name": "static3",
      "provider": "provider.aws",
      "instances": [
        {
          "schema_version": 0,
          "attributes": {
            "action": [
              {
                "authenticate_cognito": [],
                "authenticate_oidc": [],
                "fixed_response": [],
                "order": 1,
                "redirect": [],
                "target_group_arn": "arn:aws:elasticloadbalancing:us-east-1:770434371723:targetgroup/production-alb-target-group3/7cdcf2e19ed2de8a",
                "type": "forward"
              }
            ],
            "arn": "arn:aws:elasticloadbalancing:us-east-1:770434371723:listener-rule/app/production-daryls-lb/d2b6d2414712c4c5/62be93d4627202e0/e3cdab63f0661319",
            "condition": [
              {
                "field": "path-pattern",
                "host_header": [],
                "http_header": [],
                "http_request_method": [],
                "path_pattern": [
                  {
                    "values": [
                      "/"
                    ]
                  }
                ],
                "query_string": [],
                "source_ip": [],
                "values": [
                  "/"
                ]
              }
            ],
            "id": "arn:aws:elasticloadbalancing:us-east-1:770434371723:listener-rule/app/production-daryls-lb/d2b6d2414712c4c5/62be93d4627202e0/e3cdab63f0661319",
            "listener_arn": "arn:aws:elasticloadbalancing:us-east-1:770434371723:listener/app/production-daryls-lb/d2b6d2414712c4c5/62be93d4627202e0",
            "priority": 3
          },
          "private": "bnVsbA==",
          "dependencies": [
            "aws_lb.load_balancer",
            "aws_lb_listener.alb_listener",
            "aws_lb_target_group.tg",
            "aws_lb_target_group.tg3",
            "aws_vpc.daryls-vpc"
          ]
        }
      ]
    },
    {
      "mode": "managed",
      "type": "aws_lb_target_group",
      "name": "tg",
      "provider": "provider.aws",
      "instances": [
        {
          "schema_version": 0,
          "attributes": {
            "arn": "arn:aws:elasticloadbalancing:us-east-1:770434371723:targetgroup/production-alb-target-group/98f2b7da6c4d922c",
            "arn_suffix": "targetgroup/production-alb-target-group/98f2b7da6c4d922c",
            "deregistration_delay": 20,
            "health_check": [
              {
                "enabled": true,
                "healthy_threshold": 2,
                "interval": 20,
                "matcher": "200",
                "path": "/",
                "port": "80",
                "protocol": "HTTP",
                "timeout": 19,
                "unhealthy_threshold": 2
              }
            ],
            "id": "arn:aws:elasticloadbalancing:us-east-1:770434371723:targetgroup/production-alb-target-group/98f2b7da6c4d922c",
            "lambda_multi_value_headers_enabled": false,
            "load_balancing_algorithm_type": "round_robin",
            "name": "production-alb-target-group",
            "name_prefix": null,
            "port": 80,
            "protocol": "HTTP",
            "proxy_protocol_v2": false,
            "slow_start": 0,
            "stickiness": [
              {
                "cookie_duration": 86400,
                "enabled": false,
                "type": "lb_cookie"
              }
            ],
            "tags": {
              "Env": "production-target-group"
            },
            "target_type": "instance",
            "vpc_id": "vpc-065eda85b5f2edd0a"
          },
          "private": "bnVsbA==",
          "dependencies": [
            "aws_vpc.daryls-vpc"
          ]
        }
      ]
    },
    {
      "mode": "managed",
      "type": "aws_lb_target_group",
      "name": "tg2",
      "provider": "provider.aws",
      "instances": [
        {
          "schema_version": 0,
          "attributes": {
            "arn": "arn:aws:elasticloadbalancing:us-east-1:770434371723:targetgroup/production-alb-target-group2/110ade8be89fecec",
            "arn_suffix": "targetgroup/production-alb-target-group2/110ade8be89fecec",
            "deregistration_delay": 20,
            "health_check": [
              {
                "enabled": true,
                "healthy_threshold": 2,
                "interval": 20,
                "matcher": "200",
                "path": "/",
                "port": "80",
                "protocol": "HTTP",
                "timeout": 19,
                "unhealthy_threshold": 2
              }
            ],
            "id": "arn:aws:elasticloadbalancing:us-east-1:770434371723:targetgroup/production-alb-target-group2/110ade8be89fecec",
            "lambda_multi_value_headers_enabled": false,
            "load_balancing_algorithm_type": "round_robin",
            "name": "production-alb-target-group2",
            "name_prefix": null,
            "port": 80,
            "protocol": "HTTP",
            "proxy_protocol_v2": false,
            "slow_start": 0,
            "stickiness": [
              {
                "cookie_duration": 86400,
                "enabled": false,
                "type": "lb_cookie"
              }
            ],
            "tags": {
              "Env": "production-target-group"
            },
            "target_type": "instance",
            "vpc_id": "vpc-065eda85b5f2edd0a"
          },
          "private": "bnVsbA==",
          "dependencies": [
            "aws_vpc.daryls-vpc"
          ]
        }
      ]
    },
    {
      "mode": "managed",
      "type": "aws_lb_target_group",
      "name": "tg3",
      "provider": "provider.aws",
      "instances": [
        {
          "schema_version": 0,
          "attributes": {
            "arn": "arn:aws:elasticloadbalancing:us-east-1:770434371723:targetgroup/production-alb-target-group3/7cdcf2e19ed2de8a",
            "arn_suffix": "targetgroup/production-alb-target-group3/7cdcf2e19ed2de8a",
            "deregistration_delay": 20,
            "health_check": [
              {
                "enabled": true,
                "healthy_threshold": 2,
                "interval": 20,
                "matcher": "200",
                "path": "/",
                "port": "80",
                "protocol": "HTTP",
                "timeout": 19,
                "unhealthy_threshold": 2
              }
            ],
            "id": "arn:aws:elasticloadbalancing:us-east-1:770434371723:targetgroup/production-alb-target-group3/7cdcf2e19ed2de8a",
            "lambda_multi_value_headers_enabled": false,
            "load_balancing_algorithm_type": "round_robin",
            "name": "production-alb-target-group3",
            "name_prefix": null,
            "port": 80,
            "protocol": "HTTP",
            "proxy_protocol_v2": false,
            "slow_start": 0,
            "stickiness": [
              {
                "cookie_duration": 86400,
                "enabled": false,
                "type": "lb_cookie"
              }
            ],
            "tags": {
              "Env": "production-target-group"
            },
            "target_type": "instance",
            "vpc_id": "vpc-065eda85b5f2edd0a"
          },
          "private": "bnVsbA==",
          "dependencies": [
            "aws_vpc.daryls-vpc"
          ]
        }
      ]
    },
    {
      "mode": "managed",
      "type": "aws_nat_gateway",
      "name": "nat-gw",
      "each": "list",
      "provider": "provider.aws",
      "instances": [
        {
          "index_key": 0,
          "schema_version": 0,
          "attributes": {
            "allocation_id": "eipalloc-0c3e0897c9626bbb7",
            "id": "nat-0c64f1fea93dead10",
            "network_interface_id": "eni-0022b3c5a7dace5f6",
            "private_ip": "10.0.10.111",
            "public_ip": "3.226.109.188",
            "subnet_id": "subnet-0abfecdbd9e7455ad",
            "tags": {}
          },
          "private": "bnVsbA==",
          "dependencies": [
            "aws_eip.nat_eip",
            "aws_internet_gateway.gw",
            "aws_subnet.public1",
            "aws_vpc.daryls-vpc"
          ]
        }
      ]
    },
    {
      "mode": "managed",
      "type": "aws_network_acl",
      "name": "main",
      "provider": "provider.aws",
      "instances": [
        {
          "schema_version": 0,
          "attributes": {
            "egress": [
              {
                "action": "allow",
                "cidr_block": "0.0.0.0/0",
                "from_port": 443,
                "icmp_code": 0,
                "icmp_type": 0,
                "ipv6_cidr_block": "",
                "protocol": "6",
                "rule_no": 110,
                "to_port": 443
              },
              {
                "action": "allow",
                "cidr_block": "0.0.0.0/0",
                "from_port": 80,
                "icmp_code": 0,
                "icmp_type": 0,
                "ipv6_cidr_block": "",
                "protocol": "6",
                "rule_no": 100,
                "to_port": 80
              },
              {
                "action": "allow",
                "cidr_block": "10.0.30.0/24",
                "from_port": 22,
                "icmp_code": 0,
                "icmp_type": 0,
                "ipv6_cidr_block": "",
                "protocol": "6",
                "rule_no": 150,
                "to_port": 22
              }
            ],
            "id": "acl-0310567b55b6a6976",
            "ingress": [
              {
                "action": "allow",
                "cidr_block": "0.0.0.0/0",
                "from_port": 22,
                "icmp_code": 0,
                "icmp_type": 0,
                "ipv6_cidr_block": "",
                "protocol": "6",
                "rule_no": 120,
                "to_port": 22
              },
              {
                "action": "allow",
                "cidr_block": "0.0.0.0/0",
                "from_port": 3389,
                "icmp_code": 0,
                "icmp_type": 0,
                "ipv6_cidr_block": "",
                "protocol": "6",
                "rule_no": 130,
                "to_port": 3389
              },
              {
                "action": "allow",
                "cidr_block": "0.0.0.0/0",
                "from_port": 443,
                "icmp_code": 0,
                "icmp_type": 0,
                "ipv6_cidr_block": "",
                "protocol": "6",
                "rule_no": 110,
                "to_port": 443
              },
              {
                "action": "allow",
                "cidr_block": "0.0.0.0/0",
                "from_port": 80,
                "icmp_code": 0,
                "icmp_type": 0,
                "ipv6_cidr_block": "",
                "protocol": "6",
                "rule_no": 100,
                "to_port": 80
              }
            ],
            "owner_id": "770434371723",
            "subnet_id": null,
            "subnet_ids": [
              "subnet-0abfecdbd9e7455ad"
            ],
            "tags": {
              "Name": "main"
            },
            "vpc_id": "vpc-065eda85b5f2edd0a"
          },
          "private": "bnVsbA==",
          "dependencies": [
            "aws_subnet.public1",
            "aws_vpc.daryls-vpc"
          ]
        }
      ]
    },
    {
      "mode": "managed",
      "type": "aws_route_table",
      "name": "public_rt",
      "provider": "provider.aws",
      "instances": [
        {
          "schema_version": 0,
          "attributes": {
            "id": "rtb-07c57f9fc5f25d34f",
            "owner_id": "770434371723",
            "propagating_vgws": [],
            "route": [
              {
                "cidr_block": "0.0.0.0/0",
                "egress_only_gateway_id": "",
                "gateway_id": "igw-089707af24d74e521",
                "instance_id": "",
                "ipv6_cidr_block": "",
                "nat_gateway_id": "",
                "network_interface_id": "",
                "transit_gateway_id": "",
                "vpc_peering_connection_id": ""
              }
            ],
            "tags": {},
            "vpc_id": "vpc-065eda85b5f2edd0a"
          },
          "private": "bnVsbA==",
          "dependencies": [
            "aws_internet_gateway.gw",
            "aws_vpc.daryls-vpc"
          ]
        }
      ]
    },
    {
      "mode": "managed",
      "type": "aws_route_table_association",
      "name": "private1",
      "provider": "provider.aws",
      "instances": [
        {
          "schema_version": 0,
          "attributes": {
            "gateway_id": null,
            "id": "rtbassoc-044fe16e9cfc07ffa",
            "route_table_id": "rtb-07c57f9fc5f25d34f",
            "subnet_id": "subnet-0e28d26fd286d49d5"
          },
          "private": "bnVsbA==",
          "dependencies": [
            "aws_internet_gateway.gw",
            "aws_route_table.public_rt",
            "aws_subnet.private1",
            "aws_vpc.daryls-vpc"
          ]
        }
      ]
    },
    {
      "mode": "managed",
      "type": "aws_route_table_association",
      "name": "public_rta_1",
      "provider": "provider.aws",
      "instances": [
        {
          "schema_version": 0,
          "attributes": {
            "gateway_id": null,
            "id": "rtbassoc-0e8ad5f7902c0bf20",
            "route_table_id": "rtb-07c57f9fc5f25d34f",
            "subnet_id": "subnet-0abfecdbd9e7455ad"
          },
          "private": "bnVsbA==",
          "dependencies": [
            "aws_internet_gateway.gw",
            "aws_route_table.public_rt",
            "aws_subnet.public1",
            "aws_vpc.daryls-vpc"
          ]
        }
      ]
    },
    {
      "mode": "managed",
      "type": "aws_route_table_association",
      "name": "public_rta_2",
      "provider": "provider.aws",
      "instances": [
        {
          "schema_version": 0,
          "attributes": {
            "gateway_id": null,
            "id": "rtbassoc-0fdd7abde25c503c6",
            "route_table_id": "rtb-07c57f9fc5f25d34f",
            "subnet_id": "subnet-09c5daec898b1b825"
          },
          "private": "bnVsbA==",
          "dependencies": [
            "aws_internet_gateway.gw",
            "aws_route_table.public_rt",
            "aws_subnet.public2",
            "aws_vpc.daryls-vpc"
          ]
        }
      ]
    },
    {
      "mode": "managed",
      "type": "aws_security_group",
      "name": "elb",
      "provider": "provider.aws",
      "instances": [
        {
          "schema_version": 1,
          "attributes": {
            "arn": "arn:aws:ec2:us-east-1:770434371723:security-group/sg-03c8448647645a74f",
            "description": "ELB Security Group for public facing ELB",
            "egress": [
              {
                "cidr_blocks": [
                  "0.0.0.0/0"
                ],
                "description": "",
                "from_port": 0,
                "ipv6_cidr_blocks": [],
                "prefix_list_ids": [],
                "protocol": "-1",
                "security_groups": [],
                "self": false,
                "to_port": 0
              }
            ],
            "id": "sg-03c8448647645a74f",
            "ingress": [
              {
                "cidr_blocks": [
                  "0.0.0.0/0"
                ],
                "description": "",
                "from_port": 443,
                "ipv6_cidr_blocks": [],
                "prefix_list_ids": [],
                "protocol": "tcp",
                "security_groups": [],
                "self": false,
                "to_port": 443
              },
              {
                "cidr_blocks": [
                  "0.0.0.0/0"
                ],
                "description": "",
                "from_port": 80,
                "ipv6_cidr_blocks": [],
                "prefix_list_ids": [],
                "protocol": "tcp",
                "security_groups": [],
                "self": false,
                "to_port": 80
              }
            ],
            "name": "production-elb",
            "name_prefix": null,
            "owner_id": "770434371723",
            "revoke_rules_on_delete": false,
            "tags": {
              "Name": "allow_ssh"
            },
            "timeouts": null,
            "vpc_id": "vpc-065eda85b5f2edd0a"
          },
          "private": "eyJlMmJmYjczMC1lY2FhLTExZTYtOGY4OC0zNDM2M2JjN2M0YzAiOnsiY3JlYXRlIjo2MDAwMDAwMDAwMDAsImRlbGV0ZSI6NjAwMDAwMDAwMDAwfSwic2NoZW1hX3ZlcnNpb24iOiIxIn0=",
          "dependencies": [
            "aws_vpc.daryls-vpc"
          ]
        }
      ]
    },
    {
      "mode": "managed",
      "type": "aws_security_group",
      "name": "ssh",
      "provider": "provider.aws",
      "instances": [
        {
          "schema_version": 1,
          "attributes": {
            "arn": "arn:aws:ec2:us-east-1:770434371723:security-group/sg-08273dfb21c1ef34e",
            "description": "Security group for SSH access",
            "egress": [
              {
                "cidr_blocks": [
                  "0.0.0.0/0"
                ],
                "description": "",
                "from_port": 0,
                "ipv6_cidr_blocks": [],
                "prefix_list_ids": [],
                "protocol": "-1",
                "security_groups": [],
                "self": false,
                "to_port": 0
              }
            ],
            "id": "sg-08273dfb21c1ef34e",
            "ingress": [
              {
                "cidr_blocks": [
                  "0.0.0.0/0"
                ],
                "description": "",
                "from_port": 22,
                "ipv6_cidr_blocks": [],
                "prefix_list_ids": [],
                "protocol": "tcp",
                "security_groups": [],
                "self": false,
                "to_port": 22
              },
              {
                "cidr_blocks": [
                  "0.0.0.0/0"
                ],
                "description": "",
                "from_port": 443,
                "ipv6_cidr_blocks": [],
                "prefix_list_ids": [],
                "protocol": "tcp",
                "security_groups": [],
                "self": false,
                "to_port": 443
              },
              {
                "cidr_blocks": [
                  "10.0.10.0/24"
                ],
                "description": "",
                "from_port": 80,
                "ipv6_cidr_blocks": [],
                "prefix_list_ids": [],
                "protocol": "tcp",
                "security_groups": [],
                "self": false,
                "to_port": 80
              },
              {
                "cidr_blocks": [
                  "10.0.20.0/24"
                ],
                "description": "",
                "from_port": 0,
                "ipv6_cidr_blocks": [],
                "prefix_list_ids": [],
                "protocol": "-1",
                "security_groups": [],
                "self": false,
                "to_port": 0
              }
            ],
            "name": "production-ssh",
            "name_prefix": null,
            "owner_id": "770434371723",
            "revoke_rules_on_delete": false,
            "tags": {},
            "timeouts": null,
            "vpc_id": "vpc-065eda85b5f2edd0a"
          },
          "private": "eyJlMmJmYjczMC1lY2FhLTExZTYtOGY4OC0zNDM2M2JjN2M0YzAiOnsiY3JlYXRlIjo2MDAwMDAwMDAwMDAsImRlbGV0ZSI6NjAwMDAwMDAwMDAwfSwic2NoZW1hX3ZlcnNpb24iOiIxIn0=",
          "dependencies": [
            "aws_vpc.daryls-vpc"
          ]
        }
      ]
    },
    {
      "mode": "managed",
      "type": "aws_subnet",
      "name": "private1",
      "provider": "provider.aws",
      "instances": [
        {
          "schema_version": 1,
          "attributes": {
            "arn": "arn:aws:ec2:us-east-1:770434371723:subnet/subnet-0e28d26fd286d49d5",
            "assign_ipv6_address_on_creation": false,
            "availability_zone": "us-east-1c",
            "availability_zone_id": "use1-az4",
            "cidr_block": "10.0.30.0/24",
            "id": "subnet-0e28d26fd286d49d5",
            "ipv6_cidr_block": "",
            "ipv6_cidr_block_association_id": "",
            "map_public_ip_on_launch": false,
            "owner_id": "770434371723",
            "tags": {
              "Name": "Private1"
            },
            "timeouts": null,
            "vpc_id": "vpc-065eda85b5f2edd0a"
          },
          "private": "eyJlMmJmYjczMC1lY2FhLTExZTYtOGY4OC0zNDM2M2JjN2M0YzAiOnsiY3JlYXRlIjo2MDAwMDAwMDAwMDAsImRlbGV0ZSI6MTIwMDAwMDAwMDAwMH0sInNjaGVtYV92ZXJzaW9uIjoiMSJ9",
          "dependencies": [
            "aws_vpc.daryls-vpc"
          ]
        }
      ]
    },
    {
      "mode": "managed",
      "type": "aws_subnet",
      "name": "public1",
      "provider": "provider.aws",
      "instances": [
        {
          "schema_version": 1,
          "attributes": {
            "arn": "arn:aws:ec2:us-east-1:770434371723:subnet/subnet-0abfecdbd9e7455ad",
            "assign_ipv6_address_on_creation": false,
            "availability_zone": "us-east-1a",
            "availability_zone_id": "use1-az1",
            "cidr_block": "10.0.10.0/24",
            "id": "subnet-0abfecdbd9e7455ad",
            "ipv6_cidr_block": "",
            "ipv6_cidr_block_association_id": "",
            "map_public_ip_on_launch": true,
            "owner_id": "770434371723",
            "tags": {
              "Name": "Public1"
            },
            "timeouts": null,
            "vpc_id": "vpc-065eda85b5f2edd0a"
          },
          "private": "eyJlMmJmYjczMC1lY2FhLTExZTYtOGY4OC0zNDM2M2JjN2M0YzAiOnsiY3JlYXRlIjo2MDAwMDAwMDAwMDAsImRlbGV0ZSI6MTIwMDAwMDAwMDAwMH0sInNjaGVtYV92ZXJzaW9uIjoiMSJ9",
          "dependencies": [
            "aws_vpc.daryls-vpc"
          ]
        }
      ]
    },
    {
      "mode": "managed",
      "type": "aws_subnet",
      "name": "public2",
      "provider": "provider.aws",
      "instances": [
        {
          "schema_version": 1,
          "attributes": {
            "arn": "arn:aws:ec2:us-east-1:770434371723:subnet/subnet-09c5daec898b1b825",
            "assign_ipv6_address_on_creation": false,
            "availability_zone": "us-east-1b",
            "availability_zone_id": "use1-az2",
            "cidr_block": "10.0.20.0/24",
            "id": "subnet-09c5daec898b1b825",
            "ipv6_cidr_block": "",
            "ipv6_cidr_block_association_id": "",
            "map_public_ip_on_launch": false,
            "owner_id": "770434371723",
            "tags": {
              "Name": "Public2"
            },
            "timeouts": null,
            "vpc_id": "vpc-065eda85b5f2edd0a"
          },
          "private": "eyJlMmJmYjczMC1lY2FhLTExZTYtOGY4OC0zNDM2M2JjN2M0YzAiOnsiY3JlYXRlIjo2MDAwMDAwMDAwMDAsImRlbGV0ZSI6MTIwMDAwMDAwMDAwMH0sInNjaGVtYV92ZXJzaW9uIjoiMSJ9",
          "dependencies": [
            "aws_vpc.daryls-vpc"
          ]
        }
      ]
    },
    {
      "mode": "managed",
      "type": "aws_vpc",
      "name": "daryls-vpc",
      "provider": "provider.aws",
      "instances": [
        {
          "schema_version": 1,
          "attributes": {
            "arn": "arn:aws:ec2:us-east-1:770434371723:vpc/vpc-065eda85b5f2edd0a",
            "assign_generated_ipv6_cidr_block": false,
            "cidr_block": "10.0.0.0/16",
            "default_network_acl_id": "acl-05abb4131c700d935",
            "default_route_table_id": "rtb-0563e5d56fbb4012c",
            "default_security_group_id": "sg-0ce3ba1ceced673f5",
            "dhcp_options_id": "dopt-0f942e4bbe57a0c26",
            "enable_classiclink": false,
            "enable_classiclink_dns_support": false,
            "enable_dns_hostnames": false,
            "enable_dns_support": true,
            "id": "vpc-065eda85b5f2edd0a",
            "instance_tenancy": "default",
            "ipv6_association_id": "",
            "ipv6_cidr_block": "",
            "main_route_table_id": "rtb-0563e5d56fbb4012c",
            "owner_id": "770434371723",
            "tags": {
              "Name": "main"
            }
          },
          "private": "eyJzY2hlbWFfdmVyc2lvbiI6IjEifQ=="
        }
      ]
    }
  ]
}
